
Microsoft Visual Studio Solution File, Format Version 12.00
# Visual Studio Version 16
VisualStudioVersion = 16.0.34031.81
MinimumVisualStudioVersion = 10.0.40219.1
Project("{FAE04EC0-301F-11D3-BF4B-00C04F79EFBC}") = "ShawlGalore", "ShawlGalore.csproj", "{79ECB3A9-30BC-491A-B641-2565BCD6407E}"
EndProject
Global
	GlobalSection(SolutionConfigurationPlatforms) = preSolution
		Debug|Any CPU = Debug|Any CPU
		Release|Any CPU = Release|Any CPU
	EndGlobalSection
	GlobalSection(ProjectConfigurationPlatforms) = postSolution
		{79ECB3A9-30BC-491A-B641-2565BCD6407E}.Debug|Any CPU.ActiveCfg = Debug|Any CPU
		{79ECB3A9-30BC-491A-B641-2565BCD6407E}.Debug|Any CPU.Build.0 = Debug|Any CPU
		{79ECB3A9-30BC-491A-B641-2565BCD6407E}.Release|Any CPU.ActiveCfg = Release|Any CPU
		{79ECB3A9-30BC-491A-B641-2565BCD6407E}.Release|Any CPU.Build.0 = Release|Any CPU
	EndGlobalSection
	GlobalSection(SolutionProperties) = preSolution
		HideSolutionNode = FALSE
	EndGlobalSection
	GlobalSection(ExtensibilityGlobals) = postSolution
		SolutionGuid = {5F231D59-4FCB-4016-89E1-0658443C653D}
	EndGlobalSection
EndGlobal
